
Microsoft Visual Studio Solution File, Format Version 12.00
# Visual Studio 15
VisualStudioVersion = 15.0.27703.2042
MinimumVisualStudioVersion = 10.0.40219.1
Project("{FAE04EC0-301F-11D3-BF4B-00C04F79EFBC}") = "Drawing", "Drawing\Drawing.csproj", "{81B0AAAF-2BC0-4F49-985E-153AF59C461E}"
EndProject
Global
	GlobalSection(SolutionConfigurationPlatforms) = preSolution
		Debug|Any CPU = Debug|Any CPU
		Release|Any CPU = Release|Any CPU
	EndGlobalSection
	GlobalSection(ProjectConfigurationPlatforms) = postSolution
		{81B0AAAF-2BC0-4F49-985E-153AF59C461E}.Debug|Any CPU.ActiveCfg = Debug|Any CPU
		{81B0AAAF-2BC0-4F49-985E-153AF59C461E}.Debug|Any CPU.Build.0 = Debug|Any CPU
		{81B0AAAF-2BC0-4F49-985E-153AF59C461E}.Release|Any CPU.ActiveCfg = Release|Any CPU
		{81B0AAAF-2BC0-4F49-985E-153AF59C461E}.Release|Any CPU.Build.0 = Release|Any CPU
	EndGlobalSection
	GlobalSection(SolutionProperties) = preSolution
		HideSolutionNode = FALSE
	EndGlobalSection
	GlobalSection(ExtensibilityGlobals) = postSolution
		SolutionGuid = {92BB3309-ADAE-4F75-BAF2-B69BB45396F5}
	EndGlobalSection
EndGlobal
